{
	"name": "@r-generator/core",
	"version": "0.1.3",
	"lockfileVersion": 1,
	"requires": true,
	"dependencies": {
		"@babel/code-frame": {
			"version": "7.14.5",
			"resolved": "https://registry.npmjs.org/@babel/code-frame/-/code-frame-7.14.5.tgz",
			"integrity": "sha512-9pzDqyc6OLDaqe+zbACgFkb6fKMNG6CObKpnYXChRsvYGyEdc7CA2BaqeOM+vOtCS5ndmJicPJhKAwYRI6UfFw==",
			"requires": {
				"@babel/highlight": "^7.14.5"
			}
		},
		"@babel/helper-validator-identifier": {
			"version": "7.14.9",
			"resolved": "https://registry.npmjs.org/@babel/helper-validator-identifier/-/helper-validator-identifier-7.14.9.tgz",
			"integrity": "sha512-pQYxPY0UP6IHISRitNe8bsijHex4TWZXi2HwKVsjPiltzlhse2znVcm9Ace510VT1kxIHjGJCZZQBX2gJDbo0g=="
		},
		"@babel/highlight": {
			"version": "7.14.5",
			"resolved": "https://registry.npmjs.org/@babel/highlight/-/highlight-7.14.5.tgz",
			"integrity": "sha512-qf9u2WFWVV0MppaL877j2dBtQIDgmidgjGk5VIMw3OadXvYaXn66U1BFlH2t4+t3i+8PhedppRv+i40ABzd+gg==",
			"requires": {
				"@babel/helper-validator-identifier": "^7.14.5",
				"chalk": "^2.0.0",
				"js-tokens": "^4.0.0"
			},
			"dependencies": {
				"ansi-styles": {
					"version": "3.2.1",
					"resolved": "https://registry.npmjs.org/ansi-styles/-/ansi-styles-3.2.1.tgz",
					"integrity": "sha512-VT0ZI6kZRdTh8YyJw3SMbYm/u+NqfsAxEpWO0Pf9sq8/e94WxxOpPKx9FR1FlyCtOVDNOQ+8ntlqFxiRc+r5qA==",
					"requires": {
						"color-convert": "^1.9.0"
					}
				},
				"chalk": {
					"version": "2.4.2",
					"resolved": "https://registry.npmjs.org/chalk/-/chalk-2.4.2.tgz",
					"integrity": "sha512-Mti+f9lpJNcwF4tWV8/OrTTtF1gZi+f8FqlyAdouralcFWFQWF2+NgCHShjkCb+IFBLq9buZwE1xckQU4peSuQ==",
					"requires": {
						"ansi-styles": "^3.2.1",
						"escape-string-regexp": "^1.0.5",
						"supports-color": "^5.3.0"
					}
				},
				"color-convert": {
					"version": "1.9.3",
					"resolved": "https://registry.npmjs.org/color-convert/-/color-convert-1.9.3.tgz",
					"integrity": "sha512-QfAUtd+vFdAtFQcC8CCyYt1fYWxSqAiK2cSD6zDB8N3cpsEBAvRxp9zOGg6G/SHHJYAT88/az/IuDGALsNVbGg==",
					"requires": {
						"color-name": "1.1.3"
					}
				},
				"color-name": {
					"version": "1.1.3",
					"resolved": "https://registry.npmjs.org/color-name/-/color-name-1.1.3.tgz",
					"integrity": "sha1-p9BVi9icQveV3UIyj3QIMcpTvCU="
				},
				"has-flag": {
					"version": "3.0.0",
					"resolved": "https://registry.npmjs.org/has-flag/-/has-flag-3.0.0.tgz",
					"integrity": "sha1-tdRU3CGZriJWmfNGfloH87lVuv0="
				},
				"supports-color": {
					"version": "5.5.0",
					"resolved": "https://registry.npmjs.org/supports-color/-/supports-color-5.5.0.tgz",
					"integrity": "sha512-QjVjwdXIt408MIiAqCX4oUKsgU2EqAGzs2Ppkm4aQYbjm+ZEWEcW4SfFNTr4uMNZma0ey4f5lgLrkB0aX0QMow==",
					"requires": {
						"has-flag": "^3.0.0"
					}
				}
			}
		},
		"@babel/runtime": {
			"version": "7.14.8",
			"resolved": "https://registry.npmjs.org/@babel/runtime/-/runtime-7.14.8.tgz",
			"integrity": "sha512-twj3L8Og5SaCRCErB4x4ajbvBIVV77CGeFglHpeg5WC5FF8TZzBWXtTJ4MqaD9QszLYTtr+IsaAL2rEUevb+eg==",
			"requires": {
				"regenerator-runtime": "^0.13.4"
			}
		},
		"@babel/runtime-corejs3": {
			"version": "7.14.9",
			"resolved": "https://registry.npmjs.org/@babel/runtime-corejs3/-/runtime-corejs3-7.14.9.tgz",
			"integrity": "sha512-64RiH2ON4/y8qYtoa8rUiyam/tUVyGqRyNYhe+vCRGmjnV4bUlZvY+mwd0RrmLoCpJpdq3RsrNqKb7SJdw/4kw==",
			"requires": {
				"core-js-pure": "^3.16.0",
				"regenerator-runtime": "^0.13.4"
			}
		},
		"@jest/types": {
			"version": "26.6.2",
			"resolved": "https://registry.npmjs.org/@jest/types/-/types-26.6.2.tgz",
			"integrity": "sha512-fC6QCp7Sc5sX6g8Tvbmj4XUTbyrik0akgRy03yjXbQaBWWNWGE7SGtJk98m0N8nzegD/7SggrUlivxo5ax4KWQ==",
			"requires": {
				"@types/istanbul-lib-coverage": "^2.0.0",
				"@types/istanbul-reports": "^3.0.0",
				"@types/node": "*",
				"@types/yargs": "^15.0.0",
				"chalk": "^4.0.0"
			},
			"dependencies": {
				"chalk": {
					"version": "4.1.2",
					"resolved": "https://registry.npmjs.org/chalk/-/chalk-4.1.2.tgz",
					"integrity": "sha512-oKnbhFyRIXpUuez8iBMmyEa4nbj4IOQyuhc/wy9kY7/WVPcwIO9VA668Pu8RkO7+0G76SLROeyw9CpQ061i4mA==",
					"requires": {
						"ansi-styles": "^4.1.0",
						"supports-color": "^7.1.0"
					}
				}
			}
		},
		"@testing-library/dom": {
			"version": "7.31.2",
			"resolved": "https://registry.npmjs.org/@testing-library/dom/-/dom-7.31.2.tgz",
			"integrity": "sha512-3UqjCpey6HiTZT92vODYLPxTBWlM8ZOOjr3LX5F37/VRipW2M1kX6I/Cm4VXzteZqfGfagg8yXywpcOgQBlNsQ==",
			"requires": {
				"@babel/code-frame": "^7.10.4",
				"@babel/runtime": "^7.12.5",
				"@types/aria-query": "^4.2.0",
				"aria-query": "^4.2.2",
				"chalk": "^4.1.0",
				"dom-accessibility-api": "^0.5.6",
				"lz-string": "^1.4.4",
				"pretty-format": "^26.6.2"
			},
			"dependencies": {
				"chalk": {
					"version": "4.1.2",
					"resolved": "https://registry.npmjs.org/chalk/-/chalk-4.1.2.tgz",
					"integrity": "sha512-oKnbhFyRIXpUuez8iBMmyEa4nbj4IOQyuhc/wy9kY7/WVPcwIO9VA668Pu8RkO7+0G76SLROeyw9CpQ061i4mA==",
					"requires": {
						"ansi-styles": "^4.1.0",
						"supports-color": "^7.1.0"
					}
				}
			}
		},
		"@testing-library/jest-dom": {
			"version": "5.14.1",
			"resolved": "https://registry.npmjs.org/@testing-library/jest-dom/-/jest-dom-5.14.1.tgz",
			"integrity": "sha512-dfB7HVIgTNCxH22M1+KU6viG5of2ldoA5ly8Ar8xkezKHKXjRvznCdbMbqjYGgO2xjRbwnR+rR8MLUIqF3kKbQ==",
			"requires": {
				"@babel/runtime": "^7.9.2",
				"@types/testing-library__jest-dom": "^5.9.1",
				"aria-query": "^4.2.2",
				"chalk": "^3.0.0",
				"css": "^3.0.0",
				"css.escape": "^1.5.1",
				"dom-accessibility-api": "^0.5.6",
				"lodash": "^4.17.15",
				"redent": "^3.0.0"
			}
		},
		"@testing-library/react": {
			"version": "11.2.7",
			"resolved": "https://registry.npmjs.org/@testing-library/react/-/react-11.2.7.tgz",
			"integrity": "sha512-tzRNp7pzd5QmbtXNG/mhdcl7Awfu/Iz1RaVHY75zTdOkmHCuzMhRL83gWHSgOAcjS3CCbyfwUHMZgRJb4kAfpA==",
			"requires": {
				"@babel/runtime": "^7.12.5",
				"@testing-library/dom": "^7.28.1"
			}
		},
		"@testing-library/user-event": {
			"version": "12.8.3",
			"resolved": "https://registry.npmjs.org/@testing-library/user-event/-/user-event-12.8.3.tgz",
			"integrity": "sha512-IR0iWbFkgd56Bu5ZI/ej8yQwrkCv8Qydx6RzwbKz9faXazR/+5tvYKsZQgyXJiwgpcva127YO6JcWy7YlCfofQ==",
			"requires": {
				"@babel/runtime": "^7.12.5"
			}
		},
		"@types/aria-query": {
			"version": "4.2.2",
			"resolved": "https://registry.npmjs.org/@types/aria-query/-/aria-query-4.2.2.tgz",
			"integrity": "sha512-HnYpAE1Y6kRyKM/XkEuiRQhTHvkzMBurTHnpFLYLBGPIylZNPs9jJcuOOYWxPLJCSEtmZT0Y8rHDokKN7rRTig=="
		},
		"@types/istanbul-lib-coverage": {
			"version": "2.0.3",
			"resolved": "https://registry.npmjs.org/@types/istanbul-lib-coverage/-/istanbul-lib-coverage-2.0.3.tgz",
			"integrity": "sha512-sz7iLqvVUg1gIedBOvlkxPlc8/uVzyS5OwGz1cKjXzkl3FpL3al0crU8YGU1WoHkxn0Wxbw5tyi6hvzJKNzFsw=="
		},
		"@types/istanbul-lib-report": {
			"version": "3.0.0",
			"resolved": "https://registry.npmjs.org/@types/istanbul-lib-report/-/istanbul-lib-report-3.0.0.tgz",
			"integrity": "sha512-plGgXAPfVKFoYfa9NpYDAkseG+g6Jr294RqeqcqDixSbU34MZVJRi/P+7Y8GDpzkEwLaGZZOpKIEmeVZNtKsrg==",
			"requires": {
				"@types/istanbul-lib-coverage": "*"
			}
		},
		"@types/istanbul-reports": {
			"version": "3.0.1",
			"resolved": "https://registry.npmjs.org/@types/istanbul-reports/-/istanbul-reports-3.0.1.tgz",
			"integrity": "sha512-c3mAZEuK0lvBp8tmuL74XRKn1+y2dcwOUpH7x4WrF6gk1GIgiluDRgMYQtw2OFcBvAJWlt6ASU3tSqxp0Uu0Aw==",
			"requires": {
				"@types/istanbul-lib-report": "*"
			}
		},
		"@types/jest": {
			"version": "26.0.24",
			"resolved": "https://registry.npmjs.org/@types/jest/-/jest-26.0.24.tgz",
			"integrity": "sha512-E/X5Vib8BWqZNRlDxj9vYXhsDwPYbPINqKF9BsnSoon4RQ0D9moEuLD8txgyypFLH7J4+Lho9Nr/c8H0Fi+17w==",
			"requires": {
				"jest-diff": "^26.0.0",
				"pretty-format": "^26.0.0"
			}
		},
		"@types/lodash": {
			"version": "4.14.171",
			"resolved": "https://registry.npmjs.org/@types/lodash/-/lodash-4.14.171.tgz",
			"integrity": "sha512-7eQ2xYLLI/LsicL2nejW9Wyko3lcpN6O/z0ZLHrEQsg280zIdCv1t/0m6UtBjUHokCGBQ3gYTbHzDkZ1xOBwwg==",
			"dev": true
		},
		"@types/node": {
			"version": "12.20.18",
			"resolved": "https://registry.npmjs.org/@types/node/-/node-12.20.18.tgz",
			"integrity": "sha512-YoTiIwdKxM3VLiY2sM05x4iGuTveYiCcDaUVmo1L5ndrXxPGW/NEoZu+pGcBirziomizcZsnsQoemikKcB2fRA=="
		},
		"@types/prop-types": {
			"version": "15.7.4",
			"resolved": "https://registry.npmjs.org/@types/prop-types/-/prop-types-15.7.4.tgz",
			"integrity": "sha512-rZ5drC/jWjrArrS8BR6SIr4cWpW09RNTYt9AMZo3Jwwif+iacXAqgVjm0B0Bv/S1jhDXKHqRVNCbACkJ89RAnQ=="
		},
		"@types/react": {
			"version": "17.0.15",
			"resolved": "https://registry.npmjs.org/@types/react/-/react-17.0.15.tgz",
			"integrity": "sha512-uTKHDK9STXFHLaKv6IMnwp52fm0hwU+N89w/p9grdUqcFA6WuqDyPhaWopbNyE1k/VhgzmHl8pu1L4wITtmlLw==",
			"requires": {
				"@types/prop-types": "*",
				"@types/scheduler": "*",
				"csstype": "^3.0.2"
			}
		},
		"@types/scheduler": {
			"version": "0.16.2",
			"resolved": "https://registry.npmjs.org/@types/scheduler/-/scheduler-0.16.2.tgz",
			"integrity": "sha512-hppQEBDmlwhFAXKJX2KnWLYu5yMfi91yazPb2l+lbJiwW+wdo1gNeRA+3RgNSO39WYX2euey41KEwnqesU2Jew=="
		},
		"@types/testing-library__jest-dom": {
			"version": "5.14.1",
			"resolved": "https://registry.npmjs.org/@types/testing-library__jest-dom/-/testing-library__jest-dom-5.14.1.tgz",
			"integrity": "sha512-Gk9vaXfbzc5zCXI9eYE9BI5BNHEp4D3FWjgqBE/ePGYElLAP+KvxBcsdkwfIVvezs605oiyd/VrpiHe3Oeg+Aw==",
			"requires": {
				"@types/jest": "*"
			}
		},
		"@types/yargs": {
			"version": "15.0.14",
			"resolved": "https://registry.npmjs.org/@types/yargs/-/yargs-15.0.14.tgz",
			"integrity": "sha512-yEJzHoxf6SyQGhBhIYGXQDSCkJjB6HohDShto7m8vaKg9Yp0Yn8+71J9eakh2bnPg6BfsH9PRMhiRTZnd4eXGQ==",
			"requires": {
				"@types/yargs-parser": "*"
			}
		},
		"@types/yargs-parser": {
			"version": "20.2.1",
			"resolved": "https://registry.npmjs.org/@types/yargs-parser/-/yargs-parser-20.2.1.tgz",
			"integrity": "sha512-7tFImggNeNBVMsn0vLrpn1H1uPrUBdnARPTpZoitY37ZrdJREzf7I16tMrlK3hen349gr1NYh8CmZQa7CTG6Aw=="
		},
		"ansi-regex": {
			"version": "5.0.0",
			"resolved": "https://registry.npmjs.org/ansi-regex/-/ansi-regex-5.0.0.tgz",
			"integrity": "sha512-bY6fj56OUQ0hU1KjFNDQuJFezqKdrAyFdIevADiqrWHwSlbmBNMHp5ak2f40Pm8JTFyM2mqxkG6ngkHO11f/lg=="
		},
		"ansi-styles": {
			"version": "4.3.0",
			"resolved": "https://registry.npmjs.org/ansi-styles/-/ansi-styles-4.3.0.tgz",
			"integrity": "sha512-zbB9rCJAT1rbjiVDb2hqKFHNYLxgtk8NURxZ3IZwD3F6NtxbXZQCnnSi1Lkx+IDohdPlFp222wVALIheZJQSEg==",
			"requires": {
				"color-convert": "^2.0.1"
			}
		},
		"aria-query": {
			"version": "4.2.2",
			"resolved": "https://registry.npmjs.org/aria-query/-/aria-query-4.2.2.tgz",
			"integrity": "sha512-o/HelwhuKpTj/frsOsbNLNgnNGVIFsVP/SW2BSF14gVl7kAfMOJ6/8wUAUvG1R1NHKrfG+2sHZTu0yauT1qBrA==",
			"requires": {
				"@babel/runtime": "^7.10.2",
				"@babel/runtime-corejs3": "^7.10.2"
			}
		},
		"atob": {
			"version": "2.1.2",
			"resolved": "https://registry.npmjs.org/atob/-/atob-2.1.2.tgz",
			"integrity": "sha512-Wm6ukoaOGJi/73p/cl2GvLjTI5JM1k/O14isD73YML8StrH/7/lRFgmg8nICZgD3bZZvjwCGxtMOD3wWNAu8cg=="
		},
		"chalk": {
			"version": "3.0.0",
			"resolved": "https://registry.npmjs.org/chalk/-/chalk-3.0.0.tgz",
			"integrity": "sha512-4D3B6Wf41KOYRFdszmDqMCGq5VV/uMAB273JILmO+3jAlh8X4qDtdtgCR3fxtbLEMzSx22QdhnDcJvu2u1fVwg==",
			"requires": {
				"ansi-styles": "^4.1.0",
				"supports-color": "^7.1.0"
			}
		},
		"color-convert": {
			"version": "2.0.1",
			"resolved": "https://registry.npmjs.org/color-convert/-/color-convert-2.0.1.tgz",
			"integrity": "sha512-RRECPsj7iu/xb5oKYcsFHSppFNnsj/52OVTRKb4zP5onXwVF3zVmmToNcOfGC+CRDpfK/U584fMg38ZHCaElKQ==",
			"requires": {
				"color-name": "~1.1.4"
			}
		},
		"color-name": {
			"version": "1.1.4",
			"resolved": "https://registry.npmjs.org/color-name/-/color-name-1.1.4.tgz",
			"integrity": "sha512-dOy+3AuW3a2wNbZHIuMZpTcgjGuLU/uBL/ubcZF9OXbDo8ff4O8yVp5Bf0efS8uEoYo5q4Fx7dY9OgQGXgAsQA=="
		},
		"core-js-pure": {
			"version": "3.16.0",
			"resolved": "https://registry.npmjs.org/core-js-pure/-/core-js-pure-3.16.0.tgz",
			"integrity": "sha512-wzlhZNepF/QA9yvx3ePDgNGudU5KDB8lu/TRPKelYA/QtSnkS/cLl2W+TIdEX1FAFcBr0YpY7tPDlcmXJ7AyiQ=="
		},
		"css": {
			"version": "3.0.0",
			"resolved": "https://registry.npmjs.org/css/-/css-3.0.0.tgz",
			"integrity": "sha512-DG9pFfwOrzc+hawpmqX/dHYHJG+Bsdb0klhyi1sDneOgGOXy9wQIC8hzyVp1e4NRYDBdxcylvywPkkXCHAzTyQ==",
			"requires": {
				"inherits": "^2.0.4",
				"source-map": "^0.6.1",
				"source-map-resolve": "^0.6.0"
			}
		},
		"css.escape": {
			"version": "1.5.1",
			"resolved": "https://registry.npmjs.org/css.escape/-/css.escape-1.5.1.tgz",
			"integrity": "sha1-QuJ9T6BK4y+TGktNQZH6nN3ul8s="
		},
		"csstype": {
			"version": "3.0.8",
			"resolved": "https://registry.npmjs.org/csstype/-/csstype-3.0.8.tgz",
			"integrity": "sha512-jXKhWqXPmlUeoQnF/EhTtTl4C9SnrxSH/jZUih3jmO6lBKr99rP3/+FmrMj4EFpOXzMtXHAZkd3x0E6h6Fgflw=="
		},
		"decode-uri-component": {
			"version": "0.2.0",
			"resolved": "https://registry.npmjs.org/decode-uri-component/-/decode-uri-component-0.2.0.tgz",
			"integrity": "sha1-6zkTMzRYd1y4TNGh+uBiEGu4dUU="
		},
		"diff-sequences": {
			"version": "26.6.2",
			"resolved": "https://registry.npmjs.org/diff-sequences/-/diff-sequences-26.6.2.tgz",
			"integrity": "sha512-Mv/TDa3nZ9sbc5soK+OoA74BsS3mL37yixCvUAQkiuA4Wz6YtwP/K47n2rv2ovzHZvoiQeA5FTQOschKkEwB0Q=="
		},
		"dom-accessibility-api": {
			"version": "0.5.6",
			"resolved": "https://registry.npmjs.org/dom-accessibility-api/-/dom-accessibility-api-0.5.6.tgz",
			"integrity": "sha512-DplGLZd8L1lN64jlT27N9TVSESFR5STaEJvX+thCby7fuCHonfPpAlodYc3vuUYbDuDec5w8AMP7oCM5TWFsqw=="
		},
		"escape-string-regexp": {
			"version": "1.0.5",
			"resolved": "https://registry.npmjs.org/escape-string-regexp/-/escape-string-regexp-1.0.5.tgz",
			"integrity": "sha1-G2HAViGQqN/2rjuyzwIAyhMLhtQ="
		},
		"has-flag": {
			"version": "4.0.0",
			"resolved": "https://registry.npmjs.org/has-flag/-/has-flag-4.0.0.tgz",
			"integrity": "sha512-EykJT/Q1KjTWctppgIAgfSO0tKVuZUjhgMr17kqTumMl6Afv3EISleU7qZUzoXDFTAHTDC4NOoG/ZxU3EvlMPQ=="
		},
		"immer": {
			"version": "9.0.5",
			"resolved": "https://registry.npmjs.org/immer/-/immer-9.0.5.tgz",
			"integrity": "sha512-2WuIehr2y4lmYz9gaQzetPR2ECniCifk4ORaQbU3g5EalLt+0IVTosEPJ5BoYl/75ky2mivzdRzV8wWgQGOSYQ=="
		},
		"indent-string": {
			"version": "4.0.0",
			"resolved": "https://registry.npmjs.org/indent-string/-/indent-string-4.0.0.tgz",
			"integrity": "sha512-EdDDZu4A2OyIK7Lr/2zG+w5jmbuk1DVBnEwREQvBzspBJkCEbRa8GxU1lghYcaGJCnRWibjDXlq779X1/y5xwg=="
		},
		"inherits": {
			"version": "2.0.4",
			"resolved": "https://registry.npmjs.org/inherits/-/inherits-2.0.4.tgz",
			"integrity": "sha512-k/vGaX4/Yla3WzyMCvTQOXYeIHvqOKtnqBduzTHpzpQZzAskKMhZ2K+EnBiSM9zGSoIFeMpXKxa4dYeZIQqewQ=="
		},
		"jest-diff": {
			"version": "26.6.2",
			"resolved": "https://registry.npmjs.org/jest-diff/-/jest-diff-26.6.2.tgz",
			"integrity": "sha512-6m+9Z3Gv9wN0WFVasqjCL/06+EFCMTqDEUl/b87HYK2rAPTyfz4ZIuSlPhY51PIQRWx5TaxeF1qmXKe9gfN3sA==",
			"requires": {
				"chalk": "^4.0.0",
				"diff-sequences": "^26.6.2",
				"jest-get-type": "^26.3.0",
				"pretty-format": "^26.6.2"
			},
			"dependencies": {
				"chalk": {
					"version": "4.1.2",
					"resolved": "https://registry.npmjs.org/chalk/-/chalk-4.1.2.tgz",
					"integrity": "sha512-oKnbhFyRIXpUuez8iBMmyEa4nbj4IOQyuhc/wy9kY7/WVPcwIO9VA668Pu8RkO7+0G76SLROeyw9CpQ061i4mA==",
					"requires": {
						"ansi-styles": "^4.1.0",
						"supports-color": "^7.1.0"
					}
				}
			}
		},
		"jest-get-type": {
			"version": "26.3.0",
			"resolved": "https://registry.npmjs.org/jest-get-type/-/jest-get-type-26.3.0.tgz",
			"integrity": "sha512-TpfaviN1R2pQWkIihlfEanwOXK0zcxrKEE4MlU6Tn7keoXdN6/3gK/xl0yEh8DOunn5pOVGKf8hB4R9gVh04ig=="
		},
		"js-tokens": {
			"version": "4.0.0",
			"resolved": "https://registry.npmjs.org/js-tokens/-/js-tokens-4.0.0.tgz",
			"integrity": "sha512-RdJUflcE3cUzKiMqQgsCu06FPu9UdIJO0beYbPhHN4k6apgJtifcoCtT9bcxOpYBtpD2kCM6Sbzg4CausW/PKQ=="
		},
		"lodash": {
			"version": "4.17.21",
			"resolved": "https://registry.npmjs.org/lodash/-/lodash-4.17.21.tgz",
			"integrity": "sha512-v2kDEe57lecTulaDIuNTPy3Ry4gLGJ6Z1O3vE1krgXZNrsQ+LFTGHVxVjcXPs17LhbZVGedAJv8XZ1tvj5FvSg=="
		},
		"loose-envify": {
			"version": "1.4.0",
			"resolved": "https://registry.npmjs.org/loose-envify/-/loose-envify-1.4.0.tgz",
			"integrity": "sha512-lyuxPGr/Wfhrlem2CL/UcnUc1zcqKAImBDzukY7Y5F/yQiNdko6+fRLevlw1HgMySw7f611UIY408EtxRSoK3Q==",
			"requires": {
				"js-tokens": "^3.0.0 || ^4.0.0"
			}
		},
		"lz-string": {
			"version": "1.4.4",
			"resolved": "https://registry.npmjs.org/lz-string/-/lz-string-1.4.4.tgz",
			"integrity": "sha1-wNjq82BZ9wV5bh40SBHPTEmNOiY="
		},
		"min-indent": {
			"version": "1.0.1",
			"resolved": "https://registry.npmjs.org/min-indent/-/min-indent-1.0.1.tgz",
			"integrity": "sha512-I9jwMn07Sy/IwOj3zVkVik2JTvgpaykDZEigL6Rx6N9LbMywwUSMtxET+7lVoDLLd3O3IXwJwvuuns8UB/HeAg=="
		},
		"object-assign": {
			"version": "4.1.1",
			"resolved": "https://registry.npmjs.org/object-assign/-/object-assign-4.1.1.tgz",
			"integrity": "sha1-IQmtx5ZYh8/AXLvUQsrIv7s2CGM="
		},
		"pretty-format": {
			"version": "26.6.2",
			"resolved": "https://registry.npmjs.org/pretty-format/-/pretty-format-26.6.2.tgz",
			"integrity": "sha512-7AeGuCYNGmycyQbCqd/3PWH4eOoX/OiCa0uphp57NVTeAGdJGaAliecxwBDHYQCIvrW7aDBZCYeNTP/WX69mkg==",
			"requires": {
				"@jest/types": "^26.6.2",
				"ansi-regex": "^5.0.0",
				"ansi-styles": "^4.0.0",
				"react-is": "^17.0.1"
			}
		},
		"react": {
			"version": "17.0.2",
			"resolved": "https://registry.npmjs.org/react/-/react-17.0.2.tgz",
			"integrity": "sha512-gnhPt75i/dq/z3/6q/0asP78D0u592D5L1pd7M8P+dck6Fu/jJeL6iVVK23fptSUZj8Vjf++7wXA8UNclGQcbA==",
			"requires": {
				"loose-envify": "^1.1.0",
				"object-assign": "^4.1.1"
			}
		},
		"react-is": {
			"version": "17.0.2",
			"resolved": "https://registry.npmjs.org/react-is/-/react-is-17.0.2.tgz",
			"integrity": "sha512-w2GsyukL62IJnlaff/nRegPQR94C/XXamvMWmSHRJ4y7Ts/4ocGRmTHvOs8PSE6pB3dWOrD/nueuU5sduBsQ4w=="
		},
		"redent": {
			"version": "3.0.0",
			"resolved": "https://registry.npmjs.org/redent/-/redent-3.0.0.tgz",
			"integrity": "sha512-6tDA8g98We0zd0GvVeMT9arEOnTw9qM03L9cJXaCjrip1OO764RDBLBfrB4cwzNGDj5OA5ioymC9GkizgWJDUg==",
			"requires": {
				"indent-string": "^4.0.0",
				"strip-indent": "^3.0.0"
			}
		},
		"regenerator-runtime": {
			"version": "0.13.9",
			"resolved": "https://registry.npmjs.org/regenerator-runtime/-/regenerator-runtime-0.13.9.tgz",
			"integrity": "sha512-p3VT+cOEgxFsRRA9X4lkI1E+k2/CtnKtU4gcxyaCUreilL/vqI6CdZ3wxVUx3UOUg+gnUOQQcRI7BmSI656MYA=="
		},
		"source-map": {
			"version": "0.6.1",
			"resolved": "https://registry.npmjs.org/source-map/-/source-map-0.6.1.tgz",
			"integrity": "sha512-UjgapumWlbMhkBgzT7Ykc5YXUT46F0iKu8SGXq0bcwP5dz/h0Plj6enJqjz1Zbq2l5WaqYnrVbwWOWMyF3F47g=="
		},
		"source-map-resolve": {
			"version": "0.6.0",
			"resolved": "https://registry.npmjs.org/source-map-resolve/-/source-map-resolve-0.6.0.tgz",
			"integrity": "sha512-KXBr9d/fO/bWo97NXsPIAW1bFSBOuCnjbNTBMO7N59hsv5i9yzRDfcYwwt0l04+VqnKC+EwzvJZIP/qkuMgR/w==",
			"requires": {
				"atob": "^2.1.2",
				"decode-uri-component": "^0.2.0"
			}
		},
		"strip-indent": {
			"version": "3.0.0",
			"resolved": "https://registry.npmjs.org/strip-indent/-/strip-indent-3.0.0.tgz",
			"integrity": "sha512-laJTa3Jb+VQpaC6DseHhF7dXVqHTfJPCRDaEbid/drOhgitgYku/letMUqOXFoWV0zIIUbjpdH2t+tYj4bQMRQ==",
			"requires": {
				"min-indent": "^1.0.0"
			}
		},
		"supports-color": {
			"version": "7.2.0",
			"resolved": "https://registry.npmjs.org/supports-color/-/supports-color-7.2.0.tgz",
			"integrity": "sha512-qpCAvRl9stuOHveKsn7HncJRvv501qIacKzQlO/+Lwxc9+0q2wLyv4Dfvt80/DPn2pqOBsJdDiogXGR9+OvwRw==",
			"requires": {
				"has-flag": "^4.0.0"
			}
		},
		"typescript": {
			"version": "4.3.5",
			"resolved": "https://registry.npmjs.org/typescript/-/typescript-4.3.5.tgz",
			"integrity": "sha512-DqQgihaQ9cUrskJo9kIyW/+g0Vxsk8cDtZ52a3NGh0YNTfpUSArXSohyUGnvbPazEPLu398C0UxmKSOrPumUzA=="
		}
	}
}
